
Microsoft Visual Studio Solution File, Format Version 12.00
# Visual Studio Version 17
VisualStudioVersion = 17.10.35013.160
MinimumVisualStudioVersion = 10.0.40219.1
Project("{FAE04EC0-301F-11D3-BF4B-00C04F79EFBC}") = "GymManagement.API", "GymManagement.API\GymManagement.API.csproj", "{75C6F44A-905F-4719-B5B4-B4DA7419A63F}"
EndProject
Project("{FAE04EC0-301F-11D3-BF4B-00C04F79EFBC}") = "GymManagement.Application", "GymManagement.Application\GymManagement.Application.csproj", "{788C4BB7-3949-4AA8-8E96-2966334DB1ED}"
EndProject
Project("{FAE04EC0-301F-11D3-BF4B-00C04F79EFBC}") = "GymManagement.Infrastructure", "GymManagement.Infrastructure\GymManagement.Infrastructure.csproj", "{833F60EC-4564-4B2D-AAAC-47DF7B0CB724}"
EndProject
Project("{FAE04EC0-301F-11D3-BF4B-00C04F79EFBC}") = "GymManagement.Domain", "GymManagement.Domain\GymManagement.Domain.csproj", "{B4913AF9-6099-4285-B36C-46B7A962A525}"
EndProject
Project("{FAE04EC0-301F-11D3-BF4B-00C04F79EFBC}") = "GymManagement.Contracts", "GymManagement.Contracts\GymManagement.Contracts.csproj", "{CD7EC32A-0EDD-463F-850A-5E9A2FEA8543}"
EndProject
Global
	GlobalSection(SolutionConfigurationPlatforms) = preSolution
		Debug|Any CPU = Debug|Any CPU
		Release|Any CPU = Release|Any CPU
	EndGlobalSection
	GlobalSection(ProjectConfigurationPlatforms) = postSolution
		{75C6F44A-905F-4719-B5B4-B4DA7419A63F}.Debug|Any CPU.ActiveCfg = Debug|Any CPU
		{75C6F44A-905F-4719-B5B4-B4DA7419A63F}.Debug|Any CPU.Build.0 = Debug|Any CPU
		{75C6F44A-905F-4719-B5B4-B4DA7419A63F}.Release|Any CPU.ActiveCfg = Release|Any CPU
		{75C6F44A-905F-4719-B5B4-B4DA7419A63F}.Release|Any CPU.Build.0 = Release|Any CPU
		{788C4BB7-3949-4AA8-8E96-2966334DB1ED}.Debug|Any CPU.ActiveCfg = Debug|Any CPU
		{788C4BB7-3949-4AA8-8E96-2966334DB1ED}.Debug|Any CPU.Build.0 = Debug|Any CPU
		{788C4BB7-3949-4AA8-8E96-2966334DB1ED}.Release|Any CPU.ActiveCfg = Release|Any CPU
		{788C4BB7-3949-4AA8-8E96-2966334DB1ED}.Release|Any CPU.Build.0 = Release|Any CPU
		{833F60EC-4564-4B2D-AAAC-47DF7B0CB724}.Debug|Any CPU.ActiveCfg = Debug|Any CPU
		{833F60EC-4564-4B2D-AAAC-47DF7B0CB724}.Debug|Any CPU.Build.0 = Debug|Any CPU
		{833F60EC-4564-4B2D-AAAC-47DF7B0CB724}.Release|Any CPU.ActiveCfg = Release|Any CPU
		{833F60EC-4564-4B2D-AAAC-47DF7B0CB724}.Release|Any CPU.Build.0 = Release|Any CPU
		{B4913AF9-6099-4285-B36C-46B7A962A525}.Debug|Any CPU.ActiveCfg = Debug|Any CPU
		{B4913AF9-6099-4285-B36C-46B7A962A525}.Debug|Any CPU.Build.0 = Debug|Any CPU
		{B4913AF9-6099-4285-B36C-46B7A962A525}.Release|Any CPU.ActiveCfg = Release|Any CPU
		{B4913AF9-6099-4285-B36C-46B7A962A525}.Release|Any CPU.Build.0 = Release|Any CPU
		{CD7EC32A-0EDD-463F-850A-5E9A2FEA8543}.Debug|Any CPU.ActiveCfg = Debug|Any CPU
		{CD7EC32A-0EDD-463F-850A-5E9A2FEA8543}.Debug|Any CPU.Build.0 = Debug|Any CPU
		{CD7EC32A-0EDD-463F-850A-5E9A2FEA8543}.Release|Any CPU.ActiveCfg = Release|Any CPU
		{CD7EC32A-0EDD-463F-850A-5E9A2FEA8543}.Release|Any CPU.Build.0 = Release|Any CPU
	EndGlobalSection
	GlobalSection(SolutionProperties) = preSolution
		HideSolutionNode = FALSE
	EndGlobalSection
	GlobalSection(ExtensibilityGlobals) = postSolution
		SolutionGuid = {B481A9BC-BAA5-4F00-8DEA-E085D86E4FC8}
	EndGlobalSection
EndGlobal
